
Microsoft Visual Studio Solution File, Format Version 12.00
Project("{FAE04EC0-301F-11D3-BF4B-00C04F79EFBC}") = "UltimateWebApi", "UltimateWebApi\UltimateWebApi.csproj", "{6B57FB80-39AB-4DF0-A6B0-17AECB432B58}"
EndProject
Project("{FAE04EC0-301F-11D3-BF4B-00C04F79EFBC}") = "Contracts", "Contracts\Contracts.csproj", "{6A88A318-FD45-48B8-A3C2-825F00D18F96}"
EndProject
Project("{FAE04EC0-301F-11D3-BF4B-00C04F79EFBC}") = "LoggerService", "LoggerService\LoggerService.csproj", "{136385D1-BE26-4237-A6C5-5DD12FC41911}"
EndProject
Global
	GlobalSection(SolutionConfigurationPlatforms) = preSolution
		Debug|Any CPU = Debug|Any CPU
		Release|Any CPU = Release|Any CPU
	EndGlobalSection
	GlobalSection(ProjectConfigurationPlatforms) = postSolution
		{6B57FB80-39AB-4DF0-A6B0-17AECB432B58}.Debug|Any CPU.ActiveCfg = Debug|Any CPU
		{6B57FB80-39AB-4DF0-A6B0-17AECB432B58}.Debug|Any CPU.Build.0 = Debug|Any CPU
		{6B57FB80-39AB-4DF0-A6B0-17AECB432B58}.Release|Any CPU.ActiveCfg = Release|Any CPU
		{6B57FB80-39AB-4DF0-A6B0-17AECB432B58}.Release|Any CPU.Build.0 = Release|Any CPU
		{6A88A318-FD45-48B8-A3C2-825F00D18F96}.Debug|Any CPU.ActiveCfg = Debug|Any CPU
		{6A88A318-FD45-48B8-A3C2-825F00D18F96}.Debug|Any CPU.Build.0 = Debug|Any CPU
		{6A88A318-FD45-48B8-A3C2-825F00D18F96}.Release|Any CPU.ActiveCfg = Release|Any CPU
		{6A88A318-FD45-48B8-A3C2-825F00D18F96}.Release|Any CPU.Build.0 = Release|Any CPU
		{136385D1-BE26-4237-A6C5-5DD12FC41911}.Debug|Any CPU.ActiveCfg = Debug|Any CPU
		{136385D1-BE26-4237-A6C5-5DD12FC41911}.Debug|Any CPU.Build.0 = Debug|Any CPU
		{136385D1-BE26-4237-A6C5-5DD12FC41911}.Release|Any CPU.ActiveCfg = Release|Any CPU
		{136385D1-BE26-4237-A6C5-5DD12FC41911}.Release|Any CPU.Build.0 = Release|Any CPU
	EndGlobalSection
EndGlobal
